
Microsoft Visual Studio Solution File, Format Version 12.00
# Visual Studio Version 16
VisualStudioVersion = 16.0.31229.75
MinimumVisualStudioVersion = 10.0.40219.1
Project("{8BC9CEB8-8B4A-11D0-8D11-00A0C91BC942}") = "OpenGL", "OpenGL\OpenGL.vcxproj", "{46E135B8-4B55-4DF1-B341-08A259FB4301}"
EndProject
Global
	GlobalSection(SolutionConfigurationPlatforms) = preSolution
		Debug|x64 = Debug|x64
		Debug|x86 = Debug|x86
		Release|x64 = Release|x64
		Release|x86 = Release|x86
	EndGlobalSection
	GlobalSection(ProjectConfigurationPlatforms) = postSolution
		{46E135B8-4B55-4DF1-B341-08A259FB4301}.Debug|x64.ActiveCfg = Debug|x64
		{46E135B8-4B55-4DF1-B341-08A259FB4301}.Debug|x64.Build.0 = Debug|x64
		{46E135B8-4B55-4DF1-B341-08A259FB4301}.Debug|x86.ActiveCfg = Debug|Win32
		{46E135B8-4B55-4DF1-B341-08A259FB4301}.Debug|x86.Build.0 = Debug|Win32
		{46E135B8-4B55-4DF1-B341-08A259FB4301}.Release|x64.ActiveCfg = Release|x64
		{46E135B8-4B55-4DF1-B341-08A259FB4301}.Release|x64.Build.0 = Release|x64
		{46E135B8-4B55-4DF1-B341-08A259FB4301}.Release|x86.ActiveCfg = Release|Win32
		{46E135B8-4B55-4DF1-B341-08A259FB4301}.Release|x86.Build.0 = Release|Win32
	EndGlobalSection
	GlobalSection(SolutionProperties) = preSolution
		HideSolutionNode = FALSE
	EndGlobalSection
	GlobalSection(ExtensibilityGlobals) = postSolution
		SolutionGuid = {5CBE40C8-B8AB-4996-BD80-313D2BD3F7D9}
	EndGlobalSection
EndGlobal
